
Microsoft Visual Studio Solution File, Format Version 12.00
# Visual Studio 14
VisualStudioVersion = 14.0.23107.0
MinimumVisualStudioVersion = 10.0.40219.1
Project("{FAE04EC0-301F-11D3-BF4B-00C04F79EFBC}") = "Quartz.MongoDB", "Quartz.MongoDB\Quartz.MongoDB.csproj", "{0EF2C789-040C-499C-8B6A-F63E68A7E82B}"
EndProject
Project("{FAE04EC0-301F-11D3-BF4B-00C04F79EFBC}") = "Quartz.MongoDB.Tests", "Quartz.MongoDB.Tests\Quartz.MongoDB.Tests.csproj", "{595BB4AC-7647-467C-A560-1ECDCBA85B1E}"
EndProject
Global
	GlobalSection(SolutionConfigurationPlatforms) = preSolution
		Debug|Any CPU = Debug|Any CPU
		Release|Any CPU = Release|Any CPU
	EndGlobalSection
	GlobalSection(ProjectConfigurationPlatforms) = postSolution
		{0EF2C789-040C-499C-8B6A-F63E68A7E82B}.Debug|Any CPU.ActiveCfg = Debug|Any CPU
		{0EF2C789-040C-499C-8B6A-F63E68A7E82B}.Debug|Any CPU.Build.0 = Debug|Any CPU
		{0EF2C789-040C-499C-8B6A-F63E68A7E82B}.Release|Any CPU.ActiveCfg = Release|Any CPU
		{0EF2C789-040C-499C-8B6A-F63E68A7E82B}.Release|Any CPU.Build.0 = Release|Any CPU
		{595BB4AC-7647-467C-A560-1ECDCBA85B1E}.Debug|Any CPU.ActiveCfg = Debug|Any CPU
		{595BB4AC-7647-467C-A560-1ECDCBA85B1E}.Debug|Any CPU.Build.0 = Debug|Any CPU
		{595BB4AC-7647-467C-A560-1ECDCBA85B1E}.Release|Any CPU.ActiveCfg = Release|Any CPU
		{595BB4AC-7647-467C-A560-1ECDCBA85B1E}.Release|Any CPU.Build.0 = Release|Any CPU
	EndGlobalSection
	GlobalSection(SolutionProperties) = preSolution
		HideSolutionNode = FALSE
	EndGlobalSection
EndGlobal
